
Microsoft Visual Studio Solution File, Format Version 12.00
# Visual Studio 15
VisualStudioVersion = 15.0.28307.779
MinimumVisualStudioVersion = 10.0.40219.1
Project("{FAE04EC0-301F-11D3-BF4B-00C04F79EFBC}") = "S3Exam.Northwind.Gui", "S3Exam.Northwind.Gui\S3Exam.Northwind.Gui.csproj", "{18D9129D-8B7E-4436-AD25-9FECBF06D575}"
EndProject
Project("{FAE04EC0-301F-11D3-BF4B-00C04F79EFBC}") = "S3Exam.Northwind.DAL", "S3Exam.Northwind.DAL\S3Exam.Northwind.DAL.csproj", "{3BA3FE78-F03A-4A1B-8A2D-320421B0C53D}"
EndProject
Project("{FAE04EC0-301F-11D3-BF4B-00C04F79EFBC}") = "S3Exam.Northwind.Entities", "S3Exam.Northwind.Entities\S3Exam.Northwind.Entities.csproj", "{5EF0A9B2-28A8-4B27-813A-C5969E807374}"
EndProject
Global
	GlobalSection(SolutionConfigurationPlatforms) = preSolution
		Debug|Any CPU = Debug|Any CPU
		Release|Any CPU = Release|Any CPU
	EndGlobalSection
	GlobalSection(ProjectConfigurationPlatforms) = postSolution
		{18D9129D-8B7E-4436-AD25-9FECBF06D575}.Debug|Any CPU.ActiveCfg = Debug|Any CPU
		{18D9129D-8B7E-4436-AD25-9FECBF06D575}.Debug|Any CPU.Build.0 = Debug|Any CPU
		{18D9129D-8B7E-4436-AD25-9FECBF06D575}.Release|Any CPU.ActiveCfg = Release|Any CPU
		{18D9129D-8B7E-4436-AD25-9FECBF06D575}.Release|Any CPU.Build.0 = Release|Any CPU
		{3BA3FE78-F03A-4A1B-8A2D-320421B0C53D}.Debug|Any CPU.ActiveCfg = Debug|Any CPU
		{3BA3FE78-F03A-4A1B-8A2D-320421B0C53D}.Debug|Any CPU.Build.0 = Debug|Any CPU
		{3BA3FE78-F03A-4A1B-8A2D-320421B0C53D}.Release|Any CPU.ActiveCfg = Release|Any CPU
		{3BA3FE78-F03A-4A1B-8A2D-320421B0C53D}.Release|Any CPU.Build.0 = Release|Any CPU
		{5EF0A9B2-28A8-4B27-813A-C5969E807374}.Debug|Any CPU.ActiveCfg = Debug|Any CPU
		{5EF0A9B2-28A8-4B27-813A-C5969E807374}.Debug|Any CPU.Build.0 = Debug|Any CPU
		{5EF0A9B2-28A8-4B27-813A-C5969E807374}.Release|Any CPU.ActiveCfg = Release|Any CPU
		{5EF0A9B2-28A8-4B27-813A-C5969E807374}.Release|Any CPU.Build.0 = Release|Any CPU
	EndGlobalSection
	GlobalSection(SolutionProperties) = preSolution
		HideSolutionNode = FALSE
	EndGlobalSection
	GlobalSection(ExtensibilityGlobals) = postSolution
		SolutionGuid = {3CE13394-F185-415D-B8CF-DF24024AA8FB}
	EndGlobalSection
EndGlobal
